
Microsoft Visual Studio Solution File, Format Version 12.00
# Visual Studio Version 17
VisualStudioVersion = 17.4.33103.184
MinimumVisualStudioVersion = 10.0.40219.1
Project("{FAE04EC0-301F-11D3-BF4B-00C04F79EFBC}") = "SeleniumIDE", "SeleniumIDE\SeleniumIDE.csproj", "{720C5A8A-502F-4042-91F6-75831D2CCF98}"
EndProject
Global
	GlobalSection(SolutionConfigurationPlatforms) = preSolution
		Debug|Any CPU = Debug|Any CPU
		Release|Any CPU = Release|Any CPU
	EndGlobalSection
	GlobalSection(ProjectConfigurationPlatforms) = postSolution
		{720C5A8A-502F-4042-91F6-75831D2CCF98}.Debug|Any CPU.ActiveCfg = Debug|Any CPU
		{720C5A8A-502F-4042-91F6-75831D2CCF98}.Debug|Any CPU.Build.0 = Debug|Any CPU
		{720C5A8A-502F-4042-91F6-75831D2CCF98}.Release|Any CPU.ActiveCfg = Release|Any CPU
		{720C5A8A-502F-4042-91F6-75831D2CCF98}.Release|Any CPU.Build.0 = Release|Any CPU
	EndGlobalSection
	GlobalSection(SolutionProperties) = preSolution
		HideSolutionNode = FALSE
	EndGlobalSection
	GlobalSection(ExtensibilityGlobals) = postSolution
		SolutionGuid = {5716D3E4-8D37-4D1A-B505-EB63DB94B04E}
	EndGlobalSection
EndGlobal
